
Microsoft Visual Studio Solution File, Format Version 12.00
# Visual Studio Version 17
VisualStudioVersion = 17.11.35208.52
MinimumVisualStudioVersion = 10.0.40219.1
Project("{FAE04EC0-301F-11D3-BF4B-00C04F79EFBC}") = "08_KundeKonto", "08_KundeKonto\08_KundeKonto.csproj", "{65075E2B-868E-4C0B-9BF5-79E36C56F48A}"
EndProject
Global
	GlobalSection(SolutionConfigurationPlatforms) = preSolution
		Debug|Any CPU = Debug|Any CPU
		Release|Any CPU = Release|Any CPU
	EndGlobalSection
	GlobalSection(ProjectConfigurationPlatforms) = postSolution
		{65075E2B-868E-4C0B-9BF5-79E36C56F48A}.Debug|Any CPU.ActiveCfg = Debug|Any CPU
		{65075E2B-868E-4C0B-9BF5-79E36C56F48A}.Debug|Any CPU.Build.0 = Debug|Any CPU
		{65075E2B-868E-4C0B-9BF5-79E36C56F48A}.Release|Any CPU.ActiveCfg = Release|Any CPU
		{65075E2B-868E-4C0B-9BF5-79E36C56F48A}.Release|Any CPU.Build.0 = Release|Any CPU
	EndGlobalSection
	GlobalSection(SolutionProperties) = preSolution
		HideSolutionNode = FALSE
	EndGlobalSection
	GlobalSection(ExtensibilityGlobals) = postSolution
		SolutionGuid = {8ECF22A7-1667-4E00-B63F-EA963F08E20C}
	EndGlobalSection
EndGlobal
