
Microsoft Visual Studio Solution File, Format Version 12.00
# Visual Studio Version 17
VisualStudioVersion = 17.11.35208.52
MinimumVisualStudioVersion = 10.0.40219.1
Project("{FAE04EC0-301F-11D3-BF4B-00C04F79EFBC}") = "microsoft-learn", "microsoft-learn\microsoft-learn.csproj", "{826A4882-890A-43B7-AAF5-C7AE533B4329}"
EndProject
Global
	GlobalSection(SolutionConfigurationPlatforms) = preSolution
		Debug|Any CPU = Debug|Any CPU
		Release|Any CPU = Release|Any CPU
	EndGlobalSection
	GlobalSection(ProjectConfigurationPlatforms) = postSolution
		{826A4882-890A-43B7-AAF5-C7AE533B4329}.Debug|Any CPU.ActiveCfg = Debug|Any CPU
		{826A4882-890A-43B7-AAF5-C7AE533B4329}.Debug|Any CPU.Build.0 = Debug|Any CPU
		{826A4882-890A-43B7-AAF5-C7AE533B4329}.Release|Any CPU.ActiveCfg = Release|Any CPU
		{826A4882-890A-43B7-AAF5-C7AE533B4329}.Release|Any CPU.Build.0 = Release|Any CPU
	EndGlobalSection
	GlobalSection(SolutionProperties) = preSolution
		HideSolutionNode = FALSE
	EndGlobalSection
	GlobalSection(ExtensibilityGlobals) = postSolution
		SolutionGuid = {9D0C1A4C-B164-4717-8015-E54211D38CEF}
	EndGlobalSection
EndGlobal
