
Microsoft Visual Studio Solution File, Format Version 12.00
# Visual Studio Version 17
VisualStudioVersion = 17.11.35208.52
MinimumVisualStudioVersion = 10.0.40219.1
Project("{FAE04EC0-301F-11D3-BF4B-00C04F79EFBC}") = "classe", "classe\classe.csproj", "{3CF60967-DC91-489C-BAFB-219E836DD601}"
EndProject
Global
	GlobalSection(SolutionConfigurationPlatforms) = preSolution
		Debug|Any CPU = Debug|Any CPU
		Release|Any CPU = Release|Any CPU
	EndGlobalSection
	GlobalSection(ProjectConfigurationPlatforms) = postSolution
		{3CF60967-DC91-489C-BAFB-219E836DD601}.Debug|Any CPU.ActiveCfg = Debug|Any CPU
		{3CF60967-DC91-489C-BAFB-219E836DD601}.Debug|Any CPU.Build.0 = Debug|Any CPU
		{3CF60967-DC91-489C-BAFB-219E836DD601}.Release|Any CPU.ActiveCfg = Release|Any CPU
		{3CF60967-DC91-489C-BAFB-219E836DD601}.Release|Any CPU.Build.0 = Release|Any CPU
	EndGlobalSection
	GlobalSection(SolutionProperties) = preSolution
		HideSolutionNode = FALSE
	EndGlobalSection
	GlobalSection(ExtensibilityGlobals) = postSolution
		SolutionGuid = {659A428C-1EB8-4CEA-A3A5-2D050B06DBDB}
	EndGlobalSection
EndGlobal
